
Microsoft Visual Studio Solution File, Format Version 12.00
# Visual Studio Version 16
VisualStudioVersion = 16.0.30204.135
MinimumVisualStudioVersion = 10.0.40219.1
Project("{888888A0-9F3D-457C-B088-3A5042F75D52}") = "KeyPassStrong", "KeyPassStrong.pyproj", "{3741729A-5B46-4056-A81D-BAFF13F9DE03}"
EndProject
Global
	GlobalSection(SolutionConfigurationPlatforms) = preSolution
		Debug|Any CPU = Debug|Any CPU
		Release|Any CPU = Release|Any CPU
	EndGlobalSection
	GlobalSection(ProjectConfigurationPlatforms) = postSolution
		{3741729A-5B46-4056-A81D-BAFF13F9DE03}.Debug|Any CPU.ActiveCfg = Debug|Any CPU
		{3741729A-5B46-4056-A81D-BAFF13F9DE03}.Release|Any CPU.ActiveCfg = Release|Any CPU
	EndGlobalSection
	GlobalSection(SolutionProperties) = preSolution
		HideSolutionNode = FALSE
	EndGlobalSection
	GlobalSection(ExtensibilityGlobals) = postSolution
		SolutionGuid = {CC76CA67-D95F-4420-8B81-1FCD24B415FA}
	EndGlobalSection
EndGlobal
